PODS:
  - Flutter (1.0.0)
  - mrgeofire (0.0.1):
    - Flutter

DEPENDENCIES:
  - Flutter (from `Flutter`)
  - mrgeofire (from `.symlinks/plugins/mrgeofire/ios`)

EXTERNAL SOURCES:
  Flutter:
    :path: Flutter
  mrgeofire:
    :path: ".symlinks/plugins/mrgeofire/ios"

SPEC CHECKSUMS:
  Flutter: 434fef37c0980e73bb6479ef766c45957d4b510c
  mrgeofire: 6ba87f5ff076f3892c3cac0927f6c1c5cd29ee13

PODFILE CHECKSUM: aafe91acc616949ddb318b77800a7f51bffa2a4c

COCOAPODS: 1.10.1
